
Microsoft Visual Studio Solution File, Format Version 12.00
# Visual Studio Version 16
VisualStudioVersion = 16.0.31624.102
MinimumVisualStudioVersion = 10.0.40219.1
Project("{FAE04EC0-301F-11D3-BF4B-00C04F79EFBC}") = "ConsoleApp1", "ConsoleApp1\ConsoleApp1.csproj", "{4AAF23F7-6B59-41C5-ACF4-BF990D4C8A0C}"
EndProject
Global
	GlobalSection(SolutionConfigurationPlatforms) = preSolution
		Debug|Any CPU = Debug|Any CPU
		Release|Any CPU = Release|Any CPU
	EndGlobalSection
	GlobalSection(ProjectConfigurationPlatforms) = postSolution
		{4AAF23F7-6B59-41C5-ACF4-BF990D4C8A0C}.Debug|Any CPU.ActiveCfg = Debug|Any CPU
		{4AAF23F7-6B59-41C5-ACF4-BF990D4C8A0C}.Debug|Any CPU.Build.0 = Debug|Any CPU
		{4AAF23F7-6B59-41C5-ACF4-BF990D4C8A0C}.Release|Any CPU.ActiveCfg = Release|Any CPU
		{4AAF23F7-6B59-41C5-ACF4-BF990D4C8A0C}.Release|Any CPU.Build.0 = Release|Any CPU
	EndGlobalSection
	GlobalSection(SolutionProperties) = preSolution
		HideSolutionNode = FALSE
	EndGlobalSection
	GlobalSection(ExtensibilityGlobals) = postSolution
		SolutionGuid = {6C0EF660-BA84-4B4E-B6A2-C0E9AA5F41B7}
	EndGlobalSection
EndGlobal
